
Microsoft Visual Studio Solution File, Format Version 12.00
# Visual Studio Version 17
VisualStudioVersion = 17.0.32014.148
MinimumVisualStudioVersion = 10.0.40219.1
Project("{FAE04EC0-301F-11D3-BF4B-00C04F79EFBC}") = "Orar_BD", "Orar_BD.csproj", "{479D8974-7398-4CB7-9119-B11419C39F5A}"
EndProject
Project("{FAE04EC0-301F-11D3-BF4B-00C04F79EFBC}") = "DataAccess", "..\DataAccess\DataAccess.csproj", "{B697A80E-364B-434C-8B41-CFF96E73D76F}"
EndProject
Project("{FAE04EC0-301F-11D3-BF4B-00C04F79EFBC}") = "ModelLibraries", "..\ModelLibraries\ModelLibraries.csproj", "{C17CF8F6-EF59-45DD-B16E-252216B113E8}"
EndProject
Global
	GlobalSection(SolutionConfigurationPlatforms) = preSolution
		Debug|Any CPU = Debug|Any CPU
		Release|Any CPU = Release|Any CPU
	EndGlobalSection
	GlobalSection(ProjectConfigurationPlatforms) = postSolution
		{479D8974-7398-4CB7-9119-B11419C39F5A}.Debug|Any CPU.ActiveCfg = Debug|Any CPU
		{479D8974-7398-4CB7-9119-B11419C39F5A}.Debug|Any CPU.Build.0 = Debug|Any CPU
		{479D8974-7398-4CB7-9119-B11419C39F5A}.Release|Any CPU.ActiveCfg = Release|Any CPU
		{479D8974-7398-4CB7-9119-B11419C39F5A}.Release|Any CPU.Build.0 = Release|Any CPU
		{B697A80E-364B-434C-8B41-CFF96E73D76F}.Debug|Any CPU.ActiveCfg = Debug|Any CPU
		{B697A80E-364B-434C-8B41-CFF96E73D76F}.Debug|Any CPU.Build.0 = Debug|Any CPU
		{B697A80E-364B-434C-8B41-CFF96E73D76F}.Release|Any CPU.ActiveCfg = Release|Any CPU
		{B697A80E-364B-434C-8B41-CFF96E73D76F}.Release|Any CPU.Build.0 = Release|Any CPU
		{C17CF8F6-EF59-45DD-B16E-252216B113E8}.Debug|Any CPU.ActiveCfg = Debug|Any CPU
		{C17CF8F6-EF59-45DD-B16E-252216B113E8}.Debug|Any CPU.Build.0 = Debug|Any CPU
		{C17CF8F6-EF59-45DD-B16E-252216B113E8}.Release|Any CPU.ActiveCfg = Release|Any CPU
		{C17CF8F6-EF59-45DD-B16E-252216B113E8}.Release|Any CPU.Build.0 = Release|Any CPU
	EndGlobalSection
	GlobalSection(SolutionProperties) = preSolution
		HideSolutionNode = FALSE
	EndGlobalSection
	GlobalSection(ExtensibilityGlobals) = postSolution
		SolutionGuid = {4DA5E6B2-5A4D-430A-BDC6-13FA12CDBF83}
	EndGlobalSection
EndGlobal
